// !$*UTF8*$!
{
	archiveVersion = 1;
	classes = {
	};
	objectVersion = 50;
	objects = {

/* Begin PBXBuildFile section */
		7A0B1D90220D388600B61E70 /* AppDelegate.m in Sources */ = {isa = PBXBuildFile; fileRef = 7A0B1D8F220D388600B61E70 /* AppDelegate.m */; };
		7A0B1D93220D388600B61E70 /* ViewController.m in Sources */ = {isa = PBXBuildFile; fileRef = 7A0B1D92220D388600B61E70 /* ViewController.m */; };
		7A0B1D96220D388600B61E70 /* Main.storyboard in Resources */ = {isa = PBXBuildFile; fileRef = 7A0B1D94220D388600B61E70 /* Main.storyboard */; };
		7A0B1D98220D388700B61E70 /* Assets.xcassets in Resources */ = {isa = PBXBuildFile; fileRef = 7A0B1D97220D388700B61E70 /* Assets.xcassets */; };
		7A0B1D9B220D388700B61E70 /* LaunchScreen.storyboard in Resources */ = {isa = PBXBuildFile; fileRef = 7A0B1D99220D388700B61E70 /* LaunchScreen.storyboard */; };
		7A0B1D9E220D388700B61E70 /* main.m in Sources */ = {isa = PBXBuildFile; fileRef = 7A0B1D9D220D388700B61E70 /* main.m */; };
		7A0B1DA8220D388700B61E70 /* SegueDemoTests.m in Sources */ = {isa = PBXBuildFile; fileRef = 7A0B1DA7220D388700B61E70 /* SegueDemoTests.m */; };
		7A0B1DB3220D388700B61E70 /* SegueDemoUITests.m in Sources */ = {isa = PBXBuildFile; fileRef = 7A0B1DB2220D388700B61E70 /* SegueDemoUITests.m */; };
		7A0B1DC2220D3A2900B61E70 /* DetailViewController.m in Sources */ = {isa = PBXBuildFile; fileRef = 7A0B1DC1220D3A2900B61E70 /* DetailViewController.m */; };
/* End PBXBuildFile section */

/* Begin PBXContainerItemProxy section */
		7A0B1DA4220D388700B61E70 /* PBXContainerItemProxy */ = {
			isa = PBXContainerItemProxy;
			containerPortal = 7A0B1D83220D388600B61E70 /* Project object */;
			proxyType = 1;
			remoteGlobalIDString = 7A0B1D8A220D388600B61E70;
			remoteInfo = SegueDemo;
		};
		7A0B1DAF220D388700B61E70 /* PBXContainerItemProxy */ = {
			isa = PBXContainerItemProxy;
			containerPortal = 7A0B1D83220D388600B61E70 /* Project object */;
			proxyType = 1;
			remoteGlobalIDString = 7A0B1D8A220D388600B61E70;
			remoteInfo = SegueDemo;
		};
/* End PBXContainerItemProxy section */

/* Begin PBXFileReference section */
		7A0B1D8B220D388600B61E70 /* SegueDemo.app */ = {isa = PBXFileReference; explicitFileType = wrapper.application; includeInIndex = 0; path = SegueDemo.app; sourceTree = BUILT_PRODUCTS_DIR; };
		7A0B1D8E220D388600B61E70 /* AppDelegate.h */ = {isa = PBXFileReference; lastKnownFileType = sourcecode.c.h; path = AppDelegate.h; sourceTree = "<group>"; };
		7A0B1D8F220D388600B61E70 /* AppDelegate.m */ = {isa = PBXFileReference; lastKnownFileType = sourcecode.c.objc; path = AppDelegate.m; sourceTree = "<group>"; };
		7A0B1D91220D388600B61E70 /* ViewController.h */ = {isa = PBXFileReference; lastKnownFileType = sourcecode.c.h; path = ViewController.h; sourceTree = "<group>"; };
		7A0B1D92220D388600B61E70 /* ViewController.m */ = {isa = PBXFileReference; lastKnownFileType = sourcecode.c.objc; path = ViewController.m; sourceTree = "<group>"; };
		7A0B1D95220D388600B61E70 /* Base */ = {isa = PBXFileReference; lastKnownFileType = file.storyboard; name = Base; path = Base.lproj/Main.storyboard; sourceTree = "<group>"; };
		7A0B1D97220D388700B61E70 /* Assets.xcassets */ = {isa = PBXFileReference; lastKnownFileType = folder.assetcatalog; path = Assets.xcassets; sourceTree = "<group>"; };
		7A0B1D9A220D388700B61E70 /* Base */ = {isa = PBXFileReference; lastKnownFileType = file.storyboard; name = Base; path = Base.lproj/LaunchScreen.storyboard; sourceTree = "<group>"; };
		7A0B1D9C220D388700B61E70 /* Info.plist */ = {isa = PBXFileReference; lastKnownFileType = text.plist.xml; path = Info.plist; sourceTree = "<group>"; };
		7A0B1D9D220D388700B61E70 /* main.m */ = {isa = PBXFileReference; lastKnownFileType = sourcecode.c.objc; path = main.m; sourceTree = "<group>"; };
		7A0B1DA3220D388700B61E70 /* SegueDemoTests.xctest */ = {isa = PBXFileReference; explicitFileType = wrapper.cfbundle; includeInIndex = 0; path = SegueDemoTests.xctest; sourceTree = BUILT_PRODUCTS_DIR; };
		7A0B1DA7220D388700B61E70 /* SegueDemoTests.m */ = {isa = PBXFileReference; lastKnownFileType = sourcecode.c.objc; path = SegueDemoTests.m; sourceTree = "<group>"; };
		7A0B1DA9220D388700B61E70 /* Info.plist */ = {isa = PBXFileReference; lastKnownFileType = text.plist.xml; path = Info.plist; sourceTree = "<group>"; };
		7A0B1DAE220D388700B61E70 /* SegueDemoUITests.xctest */ = {isa = PBXFileReference; explicitFileType = wrapper.cfbundle; includeInIndex = 0; path = SegueDemoUITests.xctest; sourceTree = BUILT_PRODUCTS_DIR; };
		7A0B1DB2220D388700B61E70 /* SegueDemoUITests.m */ = {isa = PBXFileReference; lastKnownFileType = sourcecode.c.objc; path = SegueDemoUITests.m; sourceTree = "<group>"; };
		7A0B1DB4220D388700B61E70 /* Info.plist */ = {isa = PBXFileReference; lastKnownFileType = text.plist.xml; path = Info.plist; sourceTree = "<group>"; };
		7A0B1DC0220D3A2900B61E70 /* DetailViewController.h */ = {isa = PBXFileReference; lastKnownFileType = sourcecode.c.h; path = DetailViewController.h; sourceTree = "<group>"; };
		7A0B1DC1220D3A2900B61E70 /* DetailViewController.m */ = {isa = PBXFileReference; lastKnownFileType = sourcecode.c.objc; path = DetailViewController.m; sourceTree = "<group>"; };
/* End PBXFileReference section */

/* Begin PBXFrameworksBuildPhase section */
		7A0B1D88220D388600B61E70 /* Frameworks */ = {
			isa = PBXFrameworksBuildPhase;
			buildActionMask = 2147483647;
			files = (
			);
			runOnlyForDeploymentPostprocessing = 0;
		};
		7A0B1DA0220D388700B61E70 /* Frameworks */ = {
			isa = PBXFrameworksBuildPhase;
			buildActionMask = 2147483647;
			files = (
			);
			runOnlyForDeploymentPostprocessing = 0;
		};
		7A0B1DAB220D388700B61E70 /* Frameworks */ = {
			isa = PBXFrameworksBuildPhase;
			buildActionMask = 2147483647;
			files = (
			);
			runOnlyForDeploymentPostprocessing = 0;
		};
/* End PBXFrameworksBuildPhase section */

/* Begin PBXGroup section */
		7A0B1D82220D388600B61E70 = {
			isa = PBXGroup;
			children = (
				7A0B1D8D220D388600B61E70 /* SegueDemo */,
				7A0B1DA6220D388700B61E70 /* SegueDemoTests */,
				7A0B1DB1220D388700B61E70 /* SegueDemoUITests */,
				7A0B1D8C220D388600B61E70 /* Products */,
			);
			sourceTree = "<group>";
		};
		7A0B1D8C220D388600B61E70 /* Products */ = {
			isa = PBXGroup;
			children = (
				7A0B1D8B220D388600B61E70 /* SegueDemo.app */,
				7A0B1DA3220D388700B61E70 /* SegueDemoTests.xctest */,
				7A0B1DAE220D388700B61E70 /* SegueDemoUITests.xctest */,
			);
			name = Products;
			sourceTree = "<group>";
		};
		7A0B1D8D220D388600B61E70 /* SegueDemo */ = {
			isa = PBXGroup;
			children = (
				7A0B1DC3220D3A4800B61E70 /* Supporting Files */,
				7A0B1D8E220D388600B61E70 /* AppDelegate.h */,
				7A0B1D8F220D388600B61E70 /* AppDelegate.m */,
				7A0B1D91220D388600B61E70 /* ViewController.h */,
				7A0B1D92220D388600B61E70 /* ViewController.m */,
				7A0B1D94220D388600B61E70 /* Main.storyboard */,
				7A0B1D97220D388700B61E70 /* Assets.xcassets */,
				7A0B1D99220D388700B61E70 /* LaunchScreen.storyboard */,
				7A0B1D9C220D388700B61E70 /* Info.plist */,
				7A0B1D9D220D388700B61E70 /* main.m */,
			);
			path = SegueDemo;
			sourceTree = "<group>";
		};
		7A0B1DA6220D388700B61E70 /* SegueDemoTests */ = {
			isa = PBXGroup;
			children = (
				7A0B1DA7220D388700B61E70 /* SegueDemoTests.m */,
				7A0B1DA9220D388700B61E70 /* Info.plist */,
			);
			path = SegueDemoTests;
			sourceTree = "<group>";
		};
		7A0B1DB1220D388700B61E70 /* SegueDemoUITests */ = {
			isa = PBXGroup;
			children = (
				7A0B1DB2220D388700B61E70 /* SegueDemoUITests.m */,
				7A0B1DB4220D388700B61E70 /* Info.plist */,
			);
			path = SegueDemoUITests;
			sourceTree = "<group>";
		};
		7A0B1DC3220D3A4800B61E70 /* Supporting Files */ = {
			isa = PBXGroup;
			children = (
				7A0B1DC0220D3A2900B61E70 /* DetailViewController.h */,
				7A0B1DC1220D3A2900B61E70 /* DetailViewController.m */,
			);
			path = "Supporting Files";
			sourceTree = "<group>";
		};
/* End PBXGroup section */

/* Begin PBXNativeTarget section */
		7A0B1D8A220D388600B61E70 /* SegueDemo */ = {
			isa = PBXNativeTarget;
			buildConfigurationList = 7A0B1DB7220D388700B61E70 /* Build configuration list for PBXNativeTarget "SegueDemo" */;
			buildPhases = (
				7A0B1D87220D388600B61E70 /* Sources */,
				7A0B1D88220D388600B61E70 /* Frameworks */,
				7A0B1D89220D388600B61E70 /* Resources */,
			);
			buildRules = (
			);
			dependencies = (
			);
			name = SegueDemo;
			productName = SegueDemo;
			productReference = 7A0B1D8B220D388600B61E70 /* SegueDemo.app */;
			productType = "com.apple.product-type.application";
		};
		7A0B1DA2220D388700B61E70 /* SegueDemoTests */ = {
			isa = PBXNativeTarget;
			buildConfigurationList = 7A0B1DBA220D388700B61E70 /* Build configuration list for PBXNativeTarget "SegueDemoTests" */;
			buildPhases = (
				7A0B1D9F220D388700B61E70 /* Sources */,
				7A0B1DA0220D388700B61E70 /* Frameworks */,
				7A0B1DA1220D388700B61E70 /* Resources */,
			);
			buildRules = (
			);
			dependencies = (
				7A0B1DA5220D388700B61E70 /* PBXTargetDependency */,
			);
			name = SegueDemoTests;
			productName = SegueDemoTests;
			productReference = 7A0B1DA3220D388700B61E70 /* SegueDemoTests.xctest */;
			productType = "com.apple.product-type.bundle.unit-test";
		};
		7A0B1DAD220D388700B61E70 /* SegueDemoUITests */ = {
			isa = PBXNativeTarget;
			buildConfigurationList = 7A0B1DBD220D388700B61E70 /* Build configuration list for PBXNativeTarget "SegueDemoUITests" */;
			buildPhases = (
				7A0B1DAA220D388700B61E70 /* Sources */,
				7A0B1DAB220D388700B61E70 /* Frameworks */,
				7A0B1DAC220D388700B61E70 /* Resources */,
			);
			buildRules = (
			);
			dependencies = (
				7A0B1DB0220D388700B61E70 /* PBXTargetDependency */,
			);
			name = SegueDemoUITests;
			productName = SegueDemoUITests;
			productReference = 7A0B1DAE220D388700B61E70 /* SegueDemoUITests.xctest */;
			productType = "com.apple.product-type.bundle.ui-testing";
		};
/* End PBXNativeTarget section */

/* Begin PBXProject section */
		7A0B1D83220D388600B61E70 /* Project object */ = {
			isa = PBXProject;
			attributes = {
				LastUpgradeCheck = 1010;
				ORGANIZATIONNAME = CatDev;
				TargetAttributes = {
					7A0B1D8A220D388600B61E70 = {
						CreatedOnToolsVersion = 10.1;
					};
					7A0B1DA2220D388700B61E70 = {
						CreatedOnToolsVersion = 10.1;
						TestTargetID = 7A0B1D8A220D388600B61E70;
					};
					7A0B1DAD220D388700B61E70 = {
						CreatedOnToolsVersion = 10.1;
						TestTargetID = 7A0B1D8A220D388600B61E70;
					};
				};
			};
			buildConfigurationList = 7A0B1D86220D388600B61E70 /* Build configuration list for PBXProject "SegueDemo" */;
			compatibilityVersion = "Xcode 9.3";
			developmentRegion = en;
			hasScannedForEncodings = 0;
			knownRegions = (
				en,
				Base,
			);
			mainGroup = 7A0B1D82220D388600B61E70;
			productRefGroup = 7A0B1D8C220D388600B61E70 /* Products */;
			projectDirPath = "";
			projectRoot = "";
			targets = (
				7A0B1D8A220D388600B61E70 /* SegueDemo */,
				7A0B1DA2220D388700B61E70 /* SegueDemoTests */,
				7A0B1DAD220D388700B61E70 /* SegueDemoUITests */,
			);
		};
/* End PBXProject section */

/* Begin PBXResourcesBuildPhase section */
		7A0B1D89220D388600B61E70 /* Resources */ = {
			isa = PBXResourcesBuildPhase;
			buildActionMask = 2147483647;
			files = (
				7A0B1D9B220D388700B61E70 /* LaunchScreen.storyboard in Resources */,
				7A0B1D98220D388700B61E70 /* Assets.xcassets in Resources */,
				7A0B1D96220D388600B61E70 /* Main.storyboard in Resources */,
			);
			runOnlyForDeploymentPostprocessing = 0;
		};
		7A0B1DA1220D388700B61E70 /* Resources */ = {
			isa = PBXResourcesBuildPhase;
			buildActionMask = 2147483647;
			files = (
			);
			runOnlyForDeploymentPostprocessing = 0;
		};
		7A0B1DAC220D388700B61E70 /* Resources */ = {
			isa = PBXResourcesBuildPhase;
			buildActionMask = 2147483647;
			files = (
			);
			runOnlyForDeploymentPostprocessing = 0;
		};
/* End PBXResourcesBuildPhase section */

/* Begin PBXSourcesBuildPhase section */
		7A0B1D87220D388600B61E70 /* Sources */ = {
			isa = PBXSourcesBuildPhase;
			buildActionMask = 2147483647;
			files = (
				7A0B1D93220D388600B61E70 /* ViewController.m in Sources */,
				7A0B1D9E220D388700B61E70 /* main.m in Sources */,
				7A0B1D90220D388600B61E70 /* AppDelegate.m in Sources */,
				7A0B1DC2220D3A2900B61E70 /* DetailViewController.m in Sources */,
			);
			runOnlyForDeploymentPostprocessing = 0;
		};
		7A0B1D9F220D388700B61E70 /* Sources */ = {
			isa = PBXSourcesBuildPhase;
			buildActionMask = 2147483647;
			files = (
				7A0B1DA8220D388700B61E70 /* SegueDemoTests.m in Sources */,
			);
			runOnlyForDeploymentPostprocessing = 0;
		};
		7A0B1DAA220D388700B61E70 /* Sources */ = {
			isa = PBXSourcesBuildPhase;
			buildActionMask = 2147483647;
			files = (
				7A0B1DB3220D388700B61E70 /* SegueDemoUITests.m in Sources */,
			);
			runOnlyForDeploymentPostprocessing = 0;
		};
/* End PBXSourcesBuildPhase section */

/* Begin PBXTargetDependency section */
		7A0B1DA5220D388700B61E70 /* PBXTargetDependency */ = {
			isa = PBXTargetDependency;
			target = 7A0B1D8A220D388600B61E70 /* SegueDemo */;
			targetProxy = 7A0B1DA4220D388700B61E70 /* PBXContainerItemProxy */;
		};
		7A0B1DB0220D388700B61E70 /* PBXTargetDependency */ = {
			isa = PBXTargetDependency;
			target = 7A0B1D8A220D388600B61E70 /* SegueDemo */;
			targetProxy = 7A0B1DAF220D388700B61E70 /* PBXContainerItemProxy */;
		};
/* End PBXTargetDependency section */

/* Begin PBXVariantGroup section */
		7A0B1D94220D388600B61E70 /* Main.storyboard */ = {
			isa = PBXVariantGroup;
			children = (
				7A0B1D95220D388600B61E70 /* Base */,
			);
			name = Main.storyboard;
			sourceTree = "<group>";
		};
		7A0B1D99220D388700B61E70 /* LaunchScreen.storyboard */ = {
			isa = PBXVariantGroup;
			children = (
				7A0B1D9A220D388700B61E70 /* Base */,
			);
			name = LaunchScreen.storyboard;
			sourceTree = "<group>";
		};
/* End PBXVariantGroup section */

/* Begin XCBuildConfiguration section */
		7A0B1DB5220D388700B61E70 /* Debug */ = {
			isa = XCBuildConfiguration;
			buildSettings = {
				ALWAYS_SEARCH_USER_PATHS = NO;
				CLANG_ANALYZER_NONNULL = YES;
				CLANG_ANALYZER_NUMBER_OBJECT_CONVERSION = YES_AGGRESSIVE;
				CLANG_CXX_LANGUAGE_STANDARD = "gnu++14";
				CLANG_CXX_LIBRARY = "libc++";
				CLANG_ENABLE_MODULES = YES;
				CLANG_ENABLE_OBJC_ARC = YES;
				CLANG_ENABLE_OBJC_WEAK = YES;
				CLANG_WARN_BLOCK_CAPTURE_AUTORELEASING = YES;
				CLANG_WARN_BOOL_CONVERSION = YES;
				CLANG_WARN_COMMA = YES;
				CLANG_WARN_CONSTANT_CONVERSION = YES;
				CLANG_WARN_DEPRECATED_OBJC_IMPLEMENTATIONS = YES;
				CLANG_WARN_DIRECT_OBJC_ISA_USAGE = YES_ERROR;
				CLANG_WARN_DOCUMENTATION_COMMENTS = YES;
				CLANG_WARN_EMPTY_BODY = YES;
				CLANG_WARN_ENUM_CONVERSION = YES;
				CLANG_WARN_INFINITE_RECURSION = YES;
				CLANG_WARN_INT_CONVERSION = YES;
				CLANG_WARN_NON_LITERAL_NULL_CONVERSION = YES;
				CLANG_WARN_OBJC_IMPLICIT_RETAIN_SELF = YES;
				CLANG_WARN_OBJC_LITERAL_CONVERSION = YES;
				CLANG_WARN_OBJC_ROOT_CLASS = YES_ERROR;
				CLANG_WARN_RANGE_LOOP_ANALYSIS = YES;
				CLANG_WARN_STRICT_PROTOTYPES = YES;
				CLANG_WARN_SUSPICIOUS_MOVE = YES;
				CLANG_WARN_UNGUARDED_AVAILABILITY = YES_AGGRESSIVE;
				CLANG_WARN_UNREACHABLE_CODE = YES;
				CLANG_WARN__DUPLICATE_METHOD_MATCH = YES;
				CODE_SIGN_IDENTITY = "iPhone Developer";
				COPY_PHASE_STRIP = NO;
				DEBUG_INFORMATION_FORMAT = dwarf;
				ENABLE_STRICT_OBJC_MSGSEND = YES;
				ENABLE_TESTABILITY = YES;
				GCC_C_LANGUAGE_STANDARD = gnu11;
				GCC_DYNAMIC_NO_PIC = NO;
				GCC_NO_COMMON_BLOCKS = YES;
				GCC_OPTIMIZATION_LEVEL = 0;
				GCC_PREPROCESSOR_DEFINITIONS = (
					"DEBUG=1",
					"$(inherited)",
				);
				GCC_WARN_64_TO_32_BIT_CONVERSION = YES;
				GCC_WARN_ABOUT_RETURN_TYPE = YES_ERROR;
				GCC_WARN_UNDECLARED_SELECTOR = YES;
				GCC_WARN_UNINITIALIZED_AUTOS = YES_AGGRESSIVE;
				GCC_WARN_UNUSED_FUNCTION = YES;
				GCC_WARN_UNUSED_VARIABLE = YES;
				IPHONEOS_DEPLOYMENT_TARGET = 12.1;
				MTL_ENABLE_DEBUG_INFO = INCLUDE_SOURCE;
				MTL_FAST_MATH = YES;
				ONLY_ACTIVE_ARCH = YES;
				SDKROOT = iphoneos;
			};
			name = Debug;
		};
		7A0B1DB6220D388700B61E70 /* Release */ = {
			isa = XCBuildConfiguration;
			buildSettings = {
				ALWAYS_SEARCH_USER_PATHS = NO;
				CLANG_ANALYZER_NONNULL = YES;
				CLANG_ANALYZER_NUMBER_OBJECT_CONVERSION = YES_AGGRESSIVE;
				CLANG_CXX_LANGUAGE_STANDARD = "gnu++14";
				CLANG_CXX_LIBRARY = "libc++";
				CLANG_ENABLE_MODULES = YES;
				CLANG_ENABLE_OBJC_ARC = YES;
				CLANG_ENABLE_OBJC_WEAK = YES;
				CLANG_WARN_BLOCK_CAPTURE_AUTORELEASING = YES;
				CLANG_WARN_BOOL_CONVERSION = YES;
				CLANG_WARN_COMMA = YES;
				CLANG_WARN_CONSTANT_CONVERSION = YES;
				CLANG_WARN_DEPRECATED_OBJC_IMPLEMENTATIONS = YES;
				CLANG_WARN_DIRECT_OBJC_ISA_USAGE = YES_ERROR;
				CLANG_WARN_DOCUMENTATION_COMMENTS = YES;
				CLANG_WARN_EMPTY_BODY = YES;
				CLANG_WARN_ENUM_CONVERSION = YES;
				CLANG_WARN_INFINITE_RECURSION = YES;
				CLANG_WARN_INT_CONVERSION = YES;
				CLANG_WARN_NON_LITERAL_NULL_CONVERSION = YES;
				CLANG_WARN_OBJC_IMPLICIT_RETAIN_SELF = YES;
				CLANG_WARN_OBJC_LITERAL_CONVERSION = YES;
				CLANG_WARN_OBJC_ROOT_CLASS = YES_ERROR;
				CLANG_WARN_RANGE_LOOP_ANALYSIS = YES;
				CLANG_WARN_STRICT_PROTOTYPES = YES;
				CLANG_WARN_SUSPICIOUS_MOVE = YES;
				CLANG_WARN_UNGUARDED_AVAILABILITY = YES_AGGRESSIVE;
				CLANG_WARN_UNREACHABLE_CODE = YES;
				CLANG_WARN__DUPLICATE_METHOD_MATCH = YES;
				CODE_SIGN_IDENTITY = "iPhone Developer";
				COPY_PHASE_STRIP = NO;
				DEBUG_INFORMATION_FORMAT = "dwarf-with-dsym";
				ENABLE_NS_ASSERTIONS = NO;
				ENABLE_STRICT_OBJC_MSGSEND = YES;
				GCC_C_LANGUAGE_STANDARD = gnu11;
				GCC_NO_COMMON_BLOCKS = YES;
				GCC_WARN_64_TO_32_BIT_CONVERSION = YES;
				GCC_WARN_ABOUT_RETURN_TYPE = YES_ERROR;
				GCC_WARN_UNDECLARED_SELECTOR = YES;
				GCC_WARN_UNINITIALIZED_AUTOS = YES_AGGRESSIVE;
				GCC_WARN_UNUSED_FUNCTION = YES;
				GCC_WARN_UNUSED_VARIABLE = YES;
				IPHONEOS_DEPLOYMENT_TARGET = 12.1;
				MTL_ENABLE_DEBUG_INFO = NO;
				MTL_FAST_MATH = YES;
				SDKROOT = iphoneos;
				VALIDATE_PRODUCT = YES;
			};
			name = Release;
		};
		7A0B1DB8220D388700B61E70 /* Debug */ = {
			isa = XCBuildConfiguration;
			buildSettings = {
				ASSETCATALOG_COMPILER_APPICON_NAME = AppIcon;
				CODE_SIGN_STYLE = Automatic;
				INFOPLIST_FILE = SegueDemo/Info.plist;
				LD_RUNPATH_SEARCH_PATHS = (
					"$(inherited)",
					"@executable_path/Frameworks",
				);
				PRODUCT_BUNDLE_IDENTIFIER = CatDev.SegueDemo;
				PRODUCT_NAME = "$(TARGET_NAME)";
				TARGETED_DEVICE_FAMILY = "1,2";
			};
			name = Debug;
		};
		7A0B1DB9220D388700B61E70 /* Release */ = {
			isa = XCBuildConfiguration;
			buildSettings = {
				ASSETCATALOG_COMPILER_APPICON_NAME = AppIcon;
				CODE_SIGN_STYLE = Automatic;
				INFOPLIST_FILE = SegueDemo/Info.plist;
				LD_RUNPATH_SEARCH_PATHS = (
					"$(inherited)",
					"@executable_path/Frameworks",
				);
				PRODUCT_BUNDLE_IDENTIFIER = CatDev.SegueDemo;
				PRODUCT_NAME = "$(TARGET_NAME)";
				TARGETED_DEVICE_FAMILY = "1,2";
			};
			name = Release;
		};
		7A0B1DBB220D388700B61E70 /* Debug */ = {
			isa = XCBuildConfiguration;
			buildSettings = {
				BUNDLE_LOADER = "$(TEST_HOST)";
				CODE_SIGN_STYLE = Automatic;
				INFOPLIST_FILE = SegueDemoTests/Info.plist;
				LD_RUNPATH_SEARCH_PATHS = (
					"$(inherited)",
					"@executable_path/Frameworks",
					"@loader_path/Frameworks",
				);
				PRODUCT_BUNDLE_IDENTIFIER = CatDev.SegueDemoTests;
				PRODUCT_NAME = "$(TARGET_NAME)";
				TARGETED_DEVICE_FAMILY = "1,2";
				TEST_HOST = "$(BUILT_PRODUCTS_DIR)/SegueDemo.app/SegueDemo";
			};
			name = Debug;
		};
		7A0B1DBC220D388700B61E70 /* Release */ = {
			isa = XCBuildConfiguration;
			buildSettings = {
				BUNDLE_LOADER = "$(TEST_HOST)";
				CODE_SIGN_STYLE = Automatic;
				INFOPLIST_FILE = SegueDemoTests/Info.plist;
				LD_RUNPATH_SEARCH_PATHS = (
					"$(inherited)",
					"@executable_path/Frameworks",
					"@loader_path/Frameworks",
				);
				PRODUCT_BUNDLE_IDENTIFIER = CatDev.SegueDemoTests;
				PRODUCT_NAME = "$(TARGET_NAME)";
				TARGETED_DEVICE_FAMILY = "1,2";
				TEST_HOST = "$(BUILT_PRODUCTS_DIR)/SegueDemo.app/SegueDemo";
			};
			name = Release;
		};
		7A0B1DBE220D388700B61E70 /* Debug */ = {
			isa = XCBuildConfiguration;
			buildSettings = {
				CODE_SIGN_STYLE = Automatic;
				INFOPLIST_FILE = SegueDemoUITests/Info.plist;
				LD_RUNPATH_SEARCH_PATHS = (
					"$(inherited)",
					"@executable_path/Frameworks",
					"@loader_path/Frameworks",
				);
				PRODUCT_BUNDLE_IDENTIFIER = CatDev.SegueDemoUITests;
				PRODUCT_NAME = "$(TARGET_NAME)";
				TARGETED_DEVICE_FAMILY = "1,2";
				TEST_TARGET_NAME = SegueDemo;
			};
			name = Debug;
		};
		7A0B1DBF220D388700B61E70 /* Release */ = {
			isa = XCBuildConfiguration;
			buildSettings = {
				CODE_SIGN_STYLE = Automatic;
				INFOPLIST_FILE = SegueDemoUITests/Info.plist;
				LD_RUNPATH_SEARCH_PATHS = (
					"$(inherited)",
					"@executable_path/Frameworks",
					"@loader_path/Frameworks",
				);
				PRODUCT_BUNDLE_IDENTIFIER = CatDev.SegueDemoUITests;
				PRODUCT_NAME = "$(TARGET_NAME)";
				TARGETED_DEVICE_FAMILY = "1,2";
				TEST_TARGET_NAME = SegueDemo;
			};
			name = Release;
		};
/* End XCBuildConfiguration section */

/* Begin XCConfigurationList section */
		7A0B1D86220D388600B61E70 /* Build configuration list for PBXProject "SegueDemo" */ = {
			isa = XCConfigurationList;
			buildConfigurations = (
				7A0B1DB5220D388700B61E70 /* Debug */,
				7A0B1DB6220D388700B61E70 /* Release */,
			);
			defaultConfigurationIsVisible = 0;
			defaultConfigurationName = Release;
		};
		7A0B1DB7220D388700B61E70 /* Build configuration list for PBXNativeTarget "SegueDemo" */ = {
			isa = XCConfigurationList;
			buildConfigurations = (
				7A0B1DB8220D388700B61E70 /* Debug */,
				7A0B1DB9220D388700B61E70 /* Release */,
			);
			defaultConfigurationIsVisible = 0;
			defaultConfigurationName = Release;
		};
		7A0B1DBA220D388700B61E70 /* Build configuration list for PBXNativeTarget "SegueDemoTests" */ = {
			isa = XCConfigurationList;
			buildConfigurations = (
				7A0B1DBB220D388700B61E70 /* Debug */,
				7A0B1DBC220D388700B61E70 /* Release */,
			);
			defaultConfigurationIsVisible = 0;
			defaultConfigurationName = Release;
		};
		7A0B1DBD220D388700B61E70 /* Build configuration list for PBXNativeTarget "SegueDemoUITests" */ = {
			isa = XCConfigurationList;
			buildConfigurations = (
				7A0B1DBE220D388700B61E70 /* Debug */,
				7A0B1DBF220D388700B61E70 /* Release */,
			);
			defaultConfigurationIsVisible = 0;
			defaultConfigurationName = Release;
		};
/* End XCConfigurationList section */
	};
	rootObject = 7A0B1D83220D388600B61E70 /* Project object */;
}
